// !$*UTF8*$!
{
	archiveVersion = 1;
	classes = {
	};
	objectVersion = 56;
	objects = {

/* Begin PBXBuildFile section */
		4A0447302C663EEC0052527C /* TodoApp_SwiftuiApp.swift in Sources */ = {isa = PBXBuildFile; fileRef = 4A04472F2C663EEC0052527C /* TodoApp_SwiftuiApp.swift */; };
		4A0447322C663EEC0052527C /* ContentView.swift in Sources */ = {isa = PBXBuildFile; fileRef = 4A0447312C663EEC0052527C /* ContentView.swift */; };
		4A0447342C663EED0052527C /* Assets.xcassets in Resources */ = {isa = PBXBuildFile; fileRef = 4A0447332C663EED0052527C /* Assets.xcassets */; };
		4A0447372C663EED0052527C /* Preview Assets.xcassets in Resources */ = {isa = PBXBuildFile; fileRef = 4A0447362C663EED0052527C /* Preview Assets.xcassets */; };
		4A04473F2C663F6C0052527C /* ItemModel.swift in Sources */ = {isa = PBXBuildFile; fileRef = 4A04473E2C663F6C0052527C /* ItemModel.swift */; };
		4A0447422C6645190052527C /* ListViewModel.swift in Sources */ = {isa = PBXBuildFile; fileRef = 4A0447412C6645190052527C /* ListViewModel.swift */; };
		4A9292BA2C66E5F400051509 /* NoListView.swift in Sources */ = {isa = PBXBuildFile; fileRef = 4A9292B92C66E5F400051509 /* NoListView.swift */; };
		4A9292BC2C66EB3500051509 /* AddView.swift in Sources */ = {isa = PBXBuildFile; fileRef = 4A9292BB2C66EB3500051509 /* AddView.swift */; };
		4A9292BE2C66FACA00051509 /* ListRowView.swift in Sources */ = {isa = PBXBuildFile; fileRef = 4A9292BD2C66FACA00051509 /* ListRowView.swift */; };
		4A9292C02C66FC6700051509 /* ListView.swift in Sources */ = {isa = PBXBuildFile; fileRef = 4A9292BF2C66FC6700051509 /* ListView.swift */; };
/* End PBXBuildFile section */

/* Begin PBXFileReference section */
		4A04472C2C663EEC0052527C /* TodoApp-Swiftui.app */ = {isa = PBXFileReference; explicitFileType = wrapper.application; includeInIndex = 0; path = "TodoApp-Swiftui.app"; sourceTree = BUILT_PRODUCTS_DIR; };
		4A04472F2C663EEC0052527C /* TodoApp_SwiftuiApp.swift */ = {isa = PBXFileReference; lastKnownFileType = sourcecode.swift; path = TodoApp_SwiftuiApp.swift; sourceTree = "<group>"; };
		4A0447312C663EEC0052527C /* ContentView.swift */ = {isa = PBXFileReference; lastKnownFileType = sourcecode.swift; path = ContentView.swift; sourceTree = "<group>"; };
		4A0447332C663EED0052527C /* Assets.xcassets */ = {isa = PBXFileReference; lastKnownFileType = folder.assetcatalog; path = Assets.xcassets; sourceTree = "<group>"; };
		4A0447362C663EED0052527C /* Preview Assets.xcassets */ = {isa = PBXFileReference; lastKnownFileType = folder.assetcatalog; path = "Preview Assets.xcassets"; sourceTree = "<group>"; };
		4A04473E2C663F6C0052527C /* ItemModel.swift */ = {isa = PBXFileReference; lastKnownFileType = sourcecode.swift; path = ItemModel.swift; sourceTree = "<group>"; };
		4A0447412C6645190052527C /* ListViewModel.swift */ = {isa = PBXFileReference; lastKnownFileType = sourcecode.swift; path = ListViewModel.swift; sourceTree = "<group>"; };
		4A9292B92C66E5F400051509 /* NoListView.swift */ = {isa = PBXFileReference; lastKnownFileType = sourcecode.swift; path = NoListView.swift; sourceTree = "<group>"; };
		4A9292BB2C66EB3500051509 /* AddView.swift */ = {isa = PBXFileReference; lastKnownFileType = sourcecode.swift; path = AddView.swift; sourceTree = "<group>"; };
		4A9292BD2C66FACA00051509 /* ListRowView.swift */ = {isa = PBXFileReference; lastKnownFileType = sourcecode.swift; path = ListRowView.swift; sourceTree = "<group>"; };
		4A9292BF2C66FC6700051509 /* ListView.swift */ = {isa = PBXFileReference; lastKnownFileType = sourcecode.swift; path = ListView.swift; sourceTree = "<group>"; };
/* End PBXFileReference section */

/* Begin PBXFrameworksBuildPhase section */
		4A0447292C663EEC0052527C /* Frameworks */ = {
			isa = PBXFrameworksBuildPhase;
			buildActionMask = 2147483647;
			files = (
			);
			runOnlyForDeploymentPostprocessing = 0;
		};
/* End PBXFrameworksBuildPhase section */

/* Begin PBXGroup section */
		4A0447232C663EEC0052527C = {
			isa = PBXGroup;
			children = (
				4A04472E2C663EEC0052527C /* TodoApp-Swiftui */,
				4A04472D2C663EEC0052527C /* Products */,
			);
			sourceTree = "<group>";
		};
		4A04472D2C663EEC0052527C /* Products */ = {
			isa = PBXGroup;
			children = (
				4A04472C2C663EEC0052527C /* TodoApp-Swiftui.app */,
			);
			name = Products;
			sourceTree = "<group>";
		};
		4A04472E2C663EEC0052527C /* TodoApp-Swiftui */ = {
			isa = PBXGroup;
			children = (
				4A9292B82C66E5DF00051509 /* View */,
				4A0447402C6644FF0052527C /* ViewModel */,
				4A04473D2C663F3C0052527C /* Model */,
				4A04472F2C663EEC0052527C /* TodoApp_SwiftuiApp.swift */,
				4A0447312C663EEC0052527C /* ContentView.swift */,
				4A0447332C663EED0052527C /* Assets.xcassets */,
				4A0447352C663EED0052527C /* Preview Content */,
			);
			path = "TodoApp-Swiftui";
			sourceTree = "<group>";
		};
		4A0447352C663EED0052527C /* Preview Content */ = {
			isa = PBXGroup;
			children = (
				4A0447362C663EED0052527C /* Preview Assets.xcassets */,
			);
			path = "Preview Content";
			sourceTree = "<group>";
		};
		4A04473D2C663F3C0052527C /* Model */ = {
			isa = PBXGroup;
			children = (
				4A04473E2C663F6C0052527C /* ItemModel.swift */,
			);
			path = Model;
			sourceTree = "<group>";
		};
		4A0447402C6644FF0052527C /* ViewModel */ = {
			isa = PBXGroup;
			children = (
				4A0447412C6645190052527C /* ListViewModel.swift */,
			);
			path = ViewModel;
			sourceTree = "<group>";
		};
		4A9292B82C66E5DF00051509 /* View */ = {
			isa = PBXGroup;
			children = (
				4A9292B92C66E5F400051509 /* NoListView.swift */,
				4A9292BB2C66EB3500051509 /* AddView.swift */,
				4A9292BD2C66FACA00051509 /* ListRowView.swift */,
				4A9292BF2C66FC6700051509 /* ListView.swift */,
			);
			path = View;
			sourceTree = "<group>";
		};
/* End PBXGroup section */

/* Begin PBXNativeTarget section */
		4A04472B2C663EEC0052527C /* TodoApp-Swiftui */ = {
			isa = PBXNativeTarget;
			buildConfigurationList = 4A04473A2C663EED0052527C /* Build configuration list for PBXNativeTarget "TodoApp-Swiftui" */;
			buildPhases = (
				4A0447282C663EEC0052527C /* Sources */,
				4A0447292C663EEC0052527C /* Frameworks */,
				4A04472A2C663EEC0052527C /* Resources */,
			);
			buildRules = (
			);
			dependencies = (
			);
			name = "TodoApp-Swiftui";
			productName = "TodoApp-Swiftui";
			productReference = 4A04472C2C663EEC0052527C /* TodoApp-Swiftui.app */;
			productType = "com.apple.product-type.application";
		};
/* End PBXNativeTarget section */

/* Begin PBXProject section */
		4A0447242C663EEC0052527C /* Project object */ = {
			isa = PBXProject;
			attributes = {
				BuildIndependentTargetsInParallel = 1;
				LastSwiftUpdateCheck = 1540;
				LastUpgradeCheck = 1540;
				TargetAttributes = {
					4A04472B2C663EEC0052527C = {
						CreatedOnToolsVersion = 15.4;
					};
				};
			};
			buildConfigurationList = 4A0447272C663EEC0052527C /* Build configuration list for PBXProject "TodoApp-Swiftui" */;
			compatibilityVersion = "Xcode 14.0";
			developmentRegion = en;
			hasScannedForEncodings = 0;
			knownRegions = (
				en,
				Base,
			);
			mainGroup = 4A0447232C663EEC0052527C;
			productRefGroup = 4A04472D2C663EEC0052527C /* Products */;
			projectDirPath = "";
			projectRoot = "";
			targets = (
				4A04472B2C663EEC0052527C /* TodoApp-Swiftui */,
			);
		};
/* End PBXProject section */

/* Begin PBXResourcesBuildPhase section */
		4A04472A2C663EEC0052527C /* Resources */ = {
			isa = PBXResourcesBuildPhase;
			buildActionMask = 2147483647;
			files = (
				4A0447372C663EED0052527C /* Preview Assets.xcassets in Resources */,
				4A0447342C663EED0052527C /* Assets.xcassets in Resources */,
			);
			runOnlyForDeploymentPostprocessing = 0;
		};
/* End PBXResourcesBuildPhase section */

/* Begin PBXSourcesBuildPhase section */
		4A0447282C663EEC0052527C /* Sources */ = {
			isa = PBXSourcesBuildPhase;
			buildActionMask = 2147483647;
			files = (
				4A9292C02C66FC6700051509 /* ListView.swift in Sources */,
				4A04473F2C663F6C0052527C /* ItemModel.swift in Sources */,
				4A9292BE2C66FACA00051509 /* ListRowView.swift in Sources */,
				4A0447322C663EEC0052527C /* ContentView.swift in Sources */,
				4A9292BC2C66EB3500051509 /* AddView.swift in Sources */,
				4A9292BA2C66E5F400051509 /* NoListView.swift in Sources */,
				4A0447422C6645190052527C /* ListViewModel.swift in Sources */,
				4A0447302C663EEC0052527C /* TodoApp_SwiftuiApp.swift in Sources */,
			);
			runOnlyForDeploymentPostprocessing = 0;
		};
/* End PBXSourcesBuildPhase section */

/* Begin XCBuildConfiguration section */
		4A0447382C663EED0052527C /* Debug */ = {
			isa = XCBuildConfiguration;
			buildSettings = {
				ALWAYS_SEARCH_USER_PATHS = NO;
				ASSETCATALOG_COMPILER_GENERATE_SWIFT_ASSET_SYMBOL_EXTENSIONS = YES;
				CLANG_ANALYZER_NONNULL = YES;
				CLANG_ANALYZER_NUMBER_OBJECT_CONVERSION = YES_AGGRESSIVE;
				CLANG_CXX_LANGUAGE_STANDARD = "gnu++20";
				CLANG_ENABLE_MODULES = YES;
				CLANG_ENABLE_OBJC_ARC = YES;
				CLANG_ENABLE_OBJC_WEAK = YES;
				CLANG_WARN_BLOCK_CAPTURE_AUTORELEASING = YES;
				CLANG_WARN_BOOL_CONVERSION = YES;
				CLANG_WARN_COMMA = YES;
				CLANG_WARN_CONSTANT_CONVERSION = YES;
				CLANG_WARN_DEPRECATED_OBJC_IMPLEMENTATIONS = YES;
				CLANG_WARN_DIRECT_OBJC_ISA_USAGE = YES_ERROR;
				CLANG_WARN_DOCUMENTATION_COMMENTS = YES;
				CLANG_WARN_EMPTY_BODY = YES;
				CLANG_WARN_ENUM_CONVERSION = YES;
				CLANG_WARN_INFINITE_RECURSION = YES;
				CLANG_WARN_INT_CONVERSION = YES;
				CLANG_WARN_NON_LITERAL_NULL_CONVERSION = YES;
				CLANG_WARN_OBJC_IMPLICIT_RETAIN_SELF = YES;
				CLANG_WARN_OBJC_LITERAL_CONVERSION = YES;
				CLANG_WARN_OBJC_ROOT_CLASS = YES_ERROR;
				CLANG_WARN_QUOTED_INCLUDE_IN_FRAMEWORK_HEADER = YES;
				CLANG_WARN_RANGE_LOOP_ANALYSIS = YES;
				CLANG_WARN_STRICT_PROTOTYPES = YES;
				CLANG_WARN_SUSPICIOUS_MOVE = YES;
				CLANG_WARN_UNGUARDED_AVAILABILITY = YES_AGGRESSIVE;
				CLANG_WARN_UNREACHABLE_CODE = YES;
				CLANG_WARN__DUPLICATE_METHOD_MATCH = YES;
				COPY_PHASE_STRIP = NO;
				DEBUG_INFORMATION_FORMAT = dwarf;
				ENABLE_STRICT_OBJC_MSGSEND = YES;
				ENABLE_TESTABILITY = YES;
				ENABLE_USER_SCRIPT_SANDBOXING = YES;
				GCC_C_LANGUAGE_STANDARD = gnu17;
				GCC_DYNAMIC_NO_PIC = NO;
				GCC_NO_COMMON_BLOCKS = YES;
				GCC_OPTIMIZATION_LEVEL = 0;
				GCC_PREPROCESSOR_DEFINITIONS = (
					"DEBUG=1",
					"$(inherited)",
				);
				GCC_WARN_64_TO_32_BIT_CONVERSION = YES;
				GCC_WARN_ABOUT_RETURN_TYPE = YES_ERROR;
				GCC_WARN_UNDECLARED_SELECTOR = YES;
				GCC_WARN_UNINITIALIZED_AUTOS = YES_AGGRESSIVE;
				GCC_WARN_UNUSED_FUNCTION = YES;
				GCC_WARN_UNUSED_VARIABLE = YES;
				IPHONEOS_DEPLOYMENT_TARGET = 17.5;
				LOCALIZATION_PREFERS_STRING_CATALOGS = YES;
				MTL_ENABLE_DEBUG_INFO = INCLUDE_SOURCE;
				MTL_FAST_MATH = YES;
				ONLY_ACTIVE_ARCH = YES;
				SDKROOT = iphoneos;
				SWIFT_ACTIVE_COMPILATION_CONDITIONS = "DEBUG $(inherited)";
				SWIFT_OPTIMIZATION_LEVEL = "-Onone";
			};
			name = Debug;
		};
		4A0447392C663EED0052527C /* Release */ = {
			isa = XCBuildConfiguration;
			buildSettings = {
				ALWAYS_SEARCH_USER_PATHS = NO;
				ASSETCATALOG_COMPILER_GENERATE_SWIFT_ASSET_SYMBOL_EXTENSIONS = YES;
				CLANG_ANALYZER_NONNULL = YES;
				CLANG_ANALYZER_NUMBER_OBJECT_CONVERSION = YES_AGGRESSIVE;
				CLANG_CXX_LANGUAGE_STANDARD = "gnu++20";
				CLANG_ENABLE_MODULES = YES;
				CLANG_ENABLE_OBJC_ARC = YES;
				CLANG_ENABLE_OBJC_WEAK = YES;
				CLANG_WARN_BLOCK_CAPTURE_AUTORELEASING = YES;
				CLANG_WARN_BOOL_CONVERSION = YES;
				CLANG_WARN_COMMA = YES;
				CLANG_WARN_CONSTANT_CONVERSION = YES;
				CLANG_WARN_DEPRECATED_OBJC_IMPLEMENTATIONS = YES;
				CLANG_WARN_DIRECT_OBJC_ISA_USAGE = YES_ERROR;
				CLANG_WARN_DOCUMENTATION_COMMENTS = YES;
				CLANG_WARN_EMPTY_BODY = YES;
				CLANG_WARN_ENUM_CONVERSION = YES;
				CLANG_WARN_INFINITE_RECURSION = YES;
				CLANG_WARN_INT_CONVERSION = YES;
				CLANG_WARN_NON_LITERAL_NULL_CONVERSION = YES;
				CLANG_WARN_OBJC_IMPLICIT_RETAIN_SELF = YES;
				CLANG_WARN_OBJC_LITERAL_CONVERSION = YES;
				CLANG_WARN_OBJC_ROOT_CLASS = YES_ERROR;
				CLANG_WARN_QUOTED_INCLUDE_IN_FRAMEWORK_HEADER = YES;
				CLANG_WARN_RANGE_LOOP_ANALYSIS = YES;
				CLANG_WARN_STRICT_PROTOTYPES = YES;
				CLANG_WARN_SUSPICIOUS_MOVE = YES;
				CLANG_WARN_UNGUARDED_AVAILABILITY = YES_AGGRESSIVE;
				CLANG_WARN_UNREACHABLE_CODE = YES;
				CLANG_WARN__DUPLICATE_METHOD_MATCH = YES;
				COPY_PHASE_STRIP = NO;
				DEBUG_INFORMATION_FORMAT = "dwarf-with-dsym";
				ENABLE_NS_ASSERTIONS = NO;
				ENABLE_STRICT_OBJC_MSGSEND = YES;
				ENABLE_USER_SCRIPT_SANDBOXING = YES;
				GCC_C_LANGUAGE_STANDARD = gnu17;
				GCC_NO_COMMON_BLOCKS = YES;
				GCC_WARN_64_TO_32_BIT_CONVERSION = YES;
				GCC_WARN_ABOUT_RETURN_TYPE = YES_ERROR;
				GCC_WARN_UNDECLARED_SELECTOR = YES;
				GCC_WARN_UNINITIALIZED_AUTOS = YES_AGGRESSIVE;
				GCC_WARN_UNUSED_FUNCTION = YES;
				GCC_WARN_UNUSED_VARIABLE = YES;
				IPHONEOS_DEPLOYMENT_TARGET = 17.5;
				LOCALIZATION_PREFERS_STRING_CATALOGS = YES;
				MTL_ENABLE_DEBUG_INFO = NO;
				MTL_FAST_MATH = YES;
				SDKROOT = iphoneos;
				SWIFT_COMPILATION_MODE = wholemodule;
				VALIDATE_PRODUCT = YES;
			};
			name = Release;
		};
		4A04473B2C663EED0052527C /* Debug */ = {
			isa = XCBuildConfiguration;
			buildSettings = {
				ASSETCATALOG_COMPILER_APPICON_NAME = AppIcon;
				ASSETCATALOG_COMPILER_GLOBAL_ACCENT_COLOR_NAME = AccentColor;
				CODE_SIGN_STYLE = Automatic;
				CURRENT_PROJECT_VERSION = 1;
				DEVELOPMENT_ASSET_PATHS = "\"TodoApp-Swiftui/Preview Content\"";
				DEVELOPMENT_TEAM = 235VR6UC3H;
				ENABLE_PREVIEWS = YES;
				GENERATE_INFOPLIST_FILE = YES;
				INFOPLIST_KEY_UIApplicationSceneManifest_Generation = YES;
				INFOPLIST_KEY_UIApplicationSupportsIndirectInputEvents = YES;
				INFOPLIST_KEY_UILaunchScreen_Generation = YES;
				INFOPLIST_KEY_UISupportedInterfaceOrientations_iPad = "UIInterfaceOrientationPortrait UIInterfaceOrientationPortraitUpsideDown UIInterfaceOrientationLandscapeLeft UIInterfaceOrientationLandscapeRight";
				INFOPLIST_KEY_UISupportedInterfaceOrientations_iPhone = "UIInterfaceOrientationPortrait UIInterfaceOrientationLandscapeLeft UIInterfaceOrientationLandscapeRight";
				LD_RUNPATH_SEARCH_PATHS = (
					"$(inherited)",
					"@executable_path/Frameworks",
				);
				MARKETING_VERSION = 1.0;
				PRODUCT_BUNDLE_IDENTIFIER = "com.saudAnup.TodoApp-Swiftui";
				PRODUCT_NAME = "$(TARGET_NAME)";
				SWIFT_EMIT_LOC_STRINGS = YES;
				SWIFT_VERSION = 5.0;
				TARGETED_DEVICE_FAMILY = "1,2";
			};
			name = Debug;
		};
		4A04473C2C663EED0052527C /* Release */ = {
			isa = XCBuildConfiguration;
			buildSettings = {
				ASSETCATALOG_COMPILER_APPICON_NAME = AppIcon;
				ASSETCATALOG_COMPILER_GLOBAL_ACCENT_COLOR_NAME = AccentColor;
				CODE_SIGN_STYLE = Automatic;
				CURRENT_PROJECT_VERSION = 1;
				DEVELOPMENT_ASSET_PATHS = "\"TodoApp-Swiftui/Preview Content\"";
				DEVELOPMENT_TEAM = 235VR6UC3H;
				ENABLE_PREVIEWS = YES;
				GENERATE_INFOPLIST_FILE = YES;
				INFOPLIST_KEY_UIApplicationSceneManifest_Generation = YES;
				INFOPLIST_KEY_UIApplicationSupportsIndirectInputEvents = YES;
				INFOPLIST_KEY_UILaunchScreen_Generation = YES;
				INFOPLIST_KEY_UISupportedInterfaceOrientations_iPad = "UIInterfaceOrientationPortrait UIInterfaceOrientationPortraitUpsideDown UIInterfaceOrientationLandscapeLeft UIInterfaceOrientationLandscapeRight";
				INFOPLIST_KEY_UISupportedInterfaceOrientations_iPhone = "UIInterfaceOrientationPortrait UIInterfaceOrientationLandscapeLeft UIInterfaceOrientationLandscapeRight";
				LD_RUNPATH_SEARCH_PATHS = (
					"$(inherited)",
					"@executable_path/Frameworks",
				);
				MARKETING_VERSION = 1.0;
				PRODUCT_BUNDLE_IDENTIFIER = "com.saudAnup.TodoApp-Swiftui";
				PRODUCT_NAME = "$(TARGET_NAME)";
				SWIFT_EMIT_LOC_STRINGS = YES;
				SWIFT_VERSION = 5.0;
				TARGETED_DEVICE_FAMILY = "1,2";
			};
			name = Release;
		};
/* End XCBuildConfiguration section */

/* Begin XCConfigurationList section */
		4A0447272C663EEC0052527C /* Build configuration list for PBXProject "TodoApp-Swiftui" */ = {
			isa = XCConfigurationList;
			buildConfigurations = (
				4A0447382C663EED0052527C /* Debug */,
				4A0447392C663EED0052527C /* Release */,
			);
			defaultConfigurationIsVisible = 0;
			defaultConfigurationName = Release;
		};
		4A04473A2C663EED0052527C /* Build configuration list for PBXNativeTarget "TodoApp-Swiftui" */ = {
			isa = XCConfigurationList;
			buildConfigurations = (
				4A04473B2C663EED0052527C /* Debug */,
				4A04473C2C663EED0052527C /* Release */,
			);
			defaultConfigurationIsVisible = 0;
			defaultConfigurationName = Release;
		};
/* End XCConfigurationList section */
	};
	rootObject = 4A0447242C663EEC0052527C /* Project object */;
}
